
Microsoft Visual Studio Solution File, Format Version 12.00
# Visual Studio Version 17
VisualStudioVersion = 17.5.002.0
MinimumVisualStudioVersion = 10.0.40219.1
Project("{9A19103F-16F7-4668-BE54-9A1E7A4F7556}") = "opdracht_1", "opdracht_1.csproj", "{9C7D9652-D864-4F83-A8E7-F41C657D42D5}"
EndProject
Global
	GlobalSection(SolutionConfigurationPlatforms) = preSolution
		Debug|Any CPU = Debug|Any CPU
		Release|Any CPU = Release|Any CPU
	EndGlobalSection
	GlobalSection(ProjectConfigurationPlatforms) = postSolution
		{9C7D9652-D864-4F83-A8E7-F41C657D42D5}.Debug|Any CPU.ActiveCfg = Debug|Any CPU
		{9C7D9652-D864-4F83-A8E7-F41C657D42D5}.Debug|Any CPU.Build.0 = Debug|Any CPU
		{9C7D9652-D864-4F83-A8E7-F41C657D42D5}.Release|Any CPU.ActiveCfg = Release|Any CPU
		{9C7D9652-D864-4F83-A8E7-F41C657D42D5}.Release|Any CPU.Build.0 = Release|Any CPU
	EndGlobalSection
	GlobalSection(SolutionProperties) = preSolution
		HideSolutionNode = FALSE
	EndGlobalSection
	GlobalSection(ExtensibilityGlobals) = postSolution
		SolutionGuid = {2D54FABD-09DE-40D6-A63B-375F09B04A73}
	EndGlobalSection
EndGlobal
