
Microsoft Visual Studio Solution File, Format Version 12.00
# Visual Studio Version 17
VisualStudioVersion = 17.5.002.0
MinimumVisualStudioVersion = 10.0.40219.1
Project("{9A19103F-16F7-4668-BE54-9A1E7A4F7556}") = "opdracht_1", "opdracht_1.csproj", "{DCCEEA27-C575-423A-8E7B-00FCBBDA9E99}"
EndProject
Global
	GlobalSection(SolutionConfigurationPlatforms) = preSolution
		Debug|Any CPU = Debug|Any CPU
		Release|Any CPU = Release|Any CPU
	EndGlobalSection
	GlobalSection(ProjectConfigurationPlatforms) = postSolution
		{DCCEEA27-C575-423A-8E7B-00FCBBDA9E99}.Debug|Any CPU.ActiveCfg = Debug|Any CPU
		{DCCEEA27-C575-423A-8E7B-00FCBBDA9E99}.Debug|Any CPU.Build.0 = Debug|Any CPU
		{DCCEEA27-C575-423A-8E7B-00FCBBDA9E99}.Release|Any CPU.ActiveCfg = Release|Any CPU
		{DCCEEA27-C575-423A-8E7B-00FCBBDA9E99}.Release|Any CPU.Build.0 = Release|Any CPU
	EndGlobalSection
	GlobalSection(SolutionProperties) = preSolution
		HideSolutionNode = FALSE
	EndGlobalSection
	GlobalSection(ExtensibilityGlobals) = postSolution
		SolutionGuid = {50430EED-5BE4-4A70-B4D6-CB2A1E0D5149}
	EndGlobalSection
EndGlobal
