
Microsoft Visual Studio Solution File, Format Version 12.00
# Visual Studio Version 17
VisualStudioVersion = 17.5.002.0
MinimumVisualStudioVersion = 10.0.40219.1
Project("{9A19103F-16F7-4668-BE54-9A1E7A4F7556}") = "opdracht_1", "opdracht_1.csproj", "{F70540EA-D40B-4763-8AE1-AC878B1C0506}"
EndProject
Global
	GlobalSection(SolutionConfigurationPlatforms) = preSolution
		Debug|Any CPU = Debug|Any CPU
		Release|Any CPU = Release|Any CPU
	EndGlobalSection
	GlobalSection(ProjectConfigurationPlatforms) = postSolution
		{F70540EA-D40B-4763-8AE1-AC878B1C0506}.Debug|Any CPU.ActiveCfg = Debug|Any CPU
		{F70540EA-D40B-4763-8AE1-AC878B1C0506}.Debug|Any CPU.Build.0 = Debug|Any CPU
		{F70540EA-D40B-4763-8AE1-AC878B1C0506}.Release|Any CPU.ActiveCfg = Release|Any CPU
		{F70540EA-D40B-4763-8AE1-AC878B1C0506}.Release|Any CPU.Build.0 = Release|Any CPU
	EndGlobalSection
	GlobalSection(SolutionProperties) = preSolution
		HideSolutionNode = FALSE
	EndGlobalSection
	GlobalSection(ExtensibilityGlobals) = postSolution
		SolutionGuid = {52DC9628-D089-4279-8022-D01F51736AE3}
	EndGlobalSection
EndGlobal
