
Microsoft Visual Studio Solution File, Format Version 12.00
# Visual Studio Version 17
VisualStudioVersion = 17.5.002.0
MinimumVisualStudioVersion = 10.0.40219.1
Project("{9A19103F-16F7-4668-BE54-9A1E7A4F7556}") = "opdracht_2", "opdracht_2.csproj", "{C2CFD936-19EC-4C2F-9A2B-CBFD6D12B728}"
EndProject
Global
	GlobalSection(SolutionConfigurationPlatforms) = preSolution
		Debug|Any CPU = Debug|Any CPU
		Release|Any CPU = Release|Any CPU
	EndGlobalSection
	GlobalSection(ProjectConfigurationPlatforms) = postSolution
		{C2CFD936-19EC-4C2F-9A2B-CBFD6D12B728}.Debug|Any CPU.ActiveCfg = Debug|Any CPU
		{C2CFD936-19EC-4C2F-9A2B-CBFD6D12B728}.Debug|Any CPU.Build.0 = Debug|Any CPU
		{C2CFD936-19EC-4C2F-9A2B-CBFD6D12B728}.Release|Any CPU.ActiveCfg = Release|Any CPU
		{C2CFD936-19EC-4C2F-9A2B-CBFD6D12B728}.Release|Any CPU.Build.0 = Release|Any CPU
	EndGlobalSection
	GlobalSection(SolutionProperties) = preSolution
		HideSolutionNode = FALSE
	EndGlobalSection
	GlobalSection(ExtensibilityGlobals) = postSolution
		SolutionGuid = {1346D2F6-1C5D-4B57-A2B8-5D81F763B71D}
	EndGlobalSection
EndGlobal
