
Microsoft Visual Studio Solution File, Format Version 12.00
# Visual Studio Version 17
VisualStudioVersion = 17.5.002.0
MinimumVisualStudioVersion = 10.0.40219.1
Project("{9A19103F-16F7-4668-BE54-9A1E7A4F7556}") = "opdracht_2", "opdracht_2.csproj", "{D2862C4B-5C29-47B2-A2CD-1C46D1CC7CF4}"
EndProject
Global
	GlobalSection(SolutionConfigurationPlatforms) = preSolution
		Debug|Any CPU = Debug|Any CPU
		Release|Any CPU = Release|Any CPU
	EndGlobalSection
	GlobalSection(ProjectConfigurationPlatforms) = postSolution
		{D2862C4B-5C29-47B2-A2CD-1C46D1CC7CF4}.Debug|Any CPU.ActiveCfg = Debug|Any CPU
		{D2862C4B-5C29-47B2-A2CD-1C46D1CC7CF4}.Debug|Any CPU.Build.0 = Debug|Any CPU
		{D2862C4B-5C29-47B2-A2CD-1C46D1CC7CF4}.Release|Any CPU.ActiveCfg = Release|Any CPU
		{D2862C4B-5C29-47B2-A2CD-1C46D1CC7CF4}.Release|Any CPU.Build.0 = Release|Any CPU
	EndGlobalSection
	GlobalSection(SolutionProperties) = preSolution
		HideSolutionNode = FALSE
	EndGlobalSection
	GlobalSection(ExtensibilityGlobals) = postSolution
		SolutionGuid = {FA6E0C5D-8E23-4D3D-87B3-9D7504EC13DD}
	EndGlobalSection
EndGlobal
